
Microsoft Visual Studio Solution File, Format Version 11.00
# Visual Studio 2010
Project("{FAE04EC0-301F-11D3-BF4B-00C04F79EFBC}") = "Ares.Settings_Mono", "Ares.Settings\Ares.Settings_Mono.csproj", "{E99E229E-2D6A-4C49-8E6F-C06E3F346606}"
EndProject
Project("{FAE04EC0-301F-11D3-BF4B-00C04F79EFBC}") = "Ares.Data_Mono", "Ares.Data\Ares.Data_Mono.csproj", "{F64D6AF3-3543-47F0-A7B8-0336750B09C3}"
EndProject
Project("{FAE04EC0-301F-11D3-BF4B-00C04F79EFBC}") = "Ares.ModelInfo_Mono", "Ares.ModelChecks\Ares.ModelInfo_Mono.csproj", "{50EA19EE-5337-499C-8B7B-1B22EA9E24A6}"
EndProject
Project("{FAE04EC0-301F-11D3-BF4B-00C04F79EFBC}") = "Ares.Playing_Mono", "Ares.Playing\Ares.Playing_Mono.csproj", "{6C55F933-0F49-489C-AFF4-E0E0A8581E42}"
EndProject
Project("{FAE04EC0-301F-11D3-BF4B-00C04F79EFBC}") = "Ares.Players_Mono", "Ares.Players\Ares.Players_Mono.csproj", "{87F61D82-5515-48C4-94F5-FC5EF8435DBF}"
EndProject
Project("{FAE04EC0-301F-11D3-BF4B-00C04F79EFBC}") = "Ares.Player_Mono", "Ares.Player\Ares.Player_Mono.csproj", "{FF45F69E-C808-46A5-9557-307D5F8A0A6D}"
EndProject
Project("{FAE04EC0-301F-11D3-BF4B-00C04F79EFBC}") = "Ares.Online_Mono", "Ares.Online\Ares.Online_Mono.csproj", "{7550AD48-17A5-45BF-A632-B75EB82123DD}"
EndProject
Project("{FAE04EC0-301F-11D3-BF4B-00C04F79EFBC}") = "Ares.Tags_Mono", "Ares.Tags\Ares.Tags_Mono.csproj", "{42A8F91D-6E6B-4740-AC3F-99A34074E695}"
EndProject
Project("{FAE04EC0-301F-11D3-BF4B-00C04F79EFBC}") = "Ares.CommonGUI_Mono", "Ares.CommonGUI\Ares.CommonGUI_Mono.csproj", "{ED16F93E-23F3-4075-B72D-F64E49D08E2D}"
EndProject
Project("{FAE04EC0-301F-11D3-BF4B-00C04F79EFBC}") = "Ares.CmdLinePlayer_Mono", "Ares.CmdLinePlayer\Ares.CmdLinePlayer_Mono.csproj", "{81CADB8C-BEDF-450B-9544-690DCA839B37}"
EndProject
Project("{FAE04EC0-301F-11D3-BF4B-00C04F79EFBC}") = "Ares.TagsImport_Mono", "Ares.TagsImport\Ares.TagsImport_Mono.csproj", "{5F09CB94-0FC1-4F91-90AD-C6F08A89C146}"
EndProject
Project("{FAE04EC0-301F-11D3-BF4B-00C04F79EFBC}") = "Ares.Editor.Actions_Mono", "Ares.Editor.Actions\Ares.Editor.Actions_Mono.csproj", "{7799985C-64E9-4414-ACA8-01184B704032}"
EndProject
Project("{FAE04EC0-301F-11D3-BF4B-00C04F79EFBC}") = "Ares.Editor.Controls_Mono", "Ares.Editor.Controls\Ares.Editor.Controls_Mono.csproj", "{E9189223-5024-4284-B02A-9F22C83DAE88}"
EndProject
Project("{FAE04EC0-301F-11D3-BF4B-00C04F79EFBC}") = "Ares.Editor_Mono", "Ares.Editor\Ares.Editor_Mono.csproj", "{499C1067-ECA5-4986-A985-8EAFD744BF80}"
EndProject
Global
	GlobalSection(SolutionConfigurationPlatforms) = preSolution
		Mono_Debug|Any CPU = Mono_Debug|Any CPU
		Mono_Release|Any CPU = Mono_Release|Any CPU
	EndGlobalSection
	GlobalSection(ProjectConfigurationPlatforms) = postSolution
		{42A8F91D-6E6B-4740-AC3F-99A34074E695}.Mono_Debug|Any CPU.ActiveCfg = Mono_Debug|Any CPU
		{42A8F91D-6E6B-4740-AC3F-99A34074E695}.Mono_Debug|Any CPU.Build.0 = Mono_Debug|Any CPU
		{42A8F91D-6E6B-4740-AC3F-99A34074E695}.Mono_Release|Any CPU.ActiveCfg = Mono_Release|Any CPU
		{42A8F91D-6E6B-4740-AC3F-99A34074E695}.Mono_Release|Any CPU.Build.0 = Mono_Release|Any CPU
		{499C1067-ECA5-4986-A985-8EAFD744BF80}.Mono_Debug|Any CPU.ActiveCfg = Mono_Debug|x86
		{499C1067-ECA5-4986-A985-8EAFD744BF80}.Mono_Debug|Any CPU.Build.0 = Mono_Debug|x86
		{499C1067-ECA5-4986-A985-8EAFD744BF80}.Mono_Release|Any CPU.ActiveCfg = Mono_Release|x86
		{499C1067-ECA5-4986-A985-8EAFD744BF80}.Mono_Release|Any CPU.Build.0 = Mono_Release|x86
		{50EA19EE-5337-499C-8B7B-1B22EA9E24A6}.Mono_Debug|Any CPU.ActiveCfg = Mono_Debug|Any CPU
		{50EA19EE-5337-499C-8B7B-1B22EA9E24A6}.Mono_Debug|Any CPU.Build.0 = Mono_Debug|Any CPU
		{50EA19EE-5337-499C-8B7B-1B22EA9E24A6}.Mono_Release|Any CPU.ActiveCfg = Mono_Release|Any CPU
		{50EA19EE-5337-499C-8B7B-1B22EA9E24A6}.Mono_Release|Any CPU.Build.0 = Mono_Release|Any CPU
		{5F09CB94-0FC1-4F91-90AD-C6F08A89C146}.Mono_Debug|Any CPU.ActiveCfg = Mono_Debug|Any CPU
		{5F09CB94-0FC1-4F91-90AD-C6F08A89C146}.Mono_Debug|Any CPU.Build.0 = Mono_Debug|Any CPU
		{5F09CB94-0FC1-4F91-90AD-C6F08A89C146}.Mono_Release|Any CPU.ActiveCfg = Mono_Release|Any CPU
		{5F09CB94-0FC1-4F91-90AD-C6F08A89C146}.Mono_Release|Any CPU.Build.0 = Mono_Release|Any CPU
		{6C55F933-0F49-489C-AFF4-E0E0A8581E42}.Mono_Debug|Any CPU.ActiveCfg = Mono_Debug|Any CPU
		{6C55F933-0F49-489C-AFF4-E0E0A8581E42}.Mono_Debug|Any CPU.Build.0 = Mono_Debug|Any CPU
		{6C55F933-0F49-489C-AFF4-E0E0A8581E42}.Mono_Release|Any CPU.ActiveCfg = Mono_Release|Any CPU
		{6C55F933-0F49-489C-AFF4-E0E0A8581E42}.Mono_Release|Any CPU.Build.0 = Mono_Release|Any CPU
		{7550AD48-17A5-45BF-A632-B75EB82123DD}.Mono_Debug|Any CPU.ActiveCfg = Mono_Debug|Any CPU
		{7550AD48-17A5-45BF-A632-B75EB82123DD}.Mono_Debug|Any CPU.Build.0 = Mono_Debug|Any CPU
		{7550AD48-17A5-45BF-A632-B75EB82123DD}.Mono_Release|Any CPU.ActiveCfg = Mono_Release|Any CPU
		{7550AD48-17A5-45BF-A632-B75EB82123DD}.Mono_Release|Any CPU.Build.0 = Mono_Release|Any CPU
		{7799985C-64E9-4414-ACA8-01184B704032}.Mono_Debug|Any CPU.ActiveCfg = Mono_Debug|Any CPU
		{7799985C-64E9-4414-ACA8-01184B704032}.Mono_Debug|Any CPU.Build.0 = Mono_Debug|Any CPU
		{7799985C-64E9-4414-ACA8-01184B704032}.Mono_Release|Any CPU.ActiveCfg = Mono_Release|Any CPU
		{7799985C-64E9-4414-ACA8-01184B704032}.Mono_Release|Any CPU.Build.0 = Mono_Release|Any CPU
		{81CADB8C-BEDF-450B-9544-690DCA839B37}.Mono_Debug|Any CPU.ActiveCfg = Mono_Debug|Any CPU
		{81CADB8C-BEDF-450B-9544-690DCA839B37}.Mono_Debug|Any CPU.Build.0 = Mono_Debug|Any CPU
		{81CADB8C-BEDF-450B-9544-690DCA839B37}.Mono_Release|Any CPU.ActiveCfg = Mono_Release|Any CPU
		{81CADB8C-BEDF-450B-9544-690DCA839B37}.Mono_Release|Any CPU.Build.0 = Mono_Release|Any CPU
		{87F61D82-5515-48C4-94F5-FC5EF8435DBF}.Mono_Debug|Any CPU.ActiveCfg = Mono_Debug|Any CPU
		{87F61D82-5515-48C4-94F5-FC5EF8435DBF}.Mono_Debug|Any CPU.Build.0 = Mono_Debug|Any CPU
		{87F61D82-5515-48C4-94F5-FC5EF8435DBF}.Mono_Release|Any CPU.ActiveCfg = Mono_Release|Any CPU
		{87F61D82-5515-48C4-94F5-FC5EF8435DBF}.Mono_Release|Any CPU.Build.0 = Mono_Release|Any CPU
		{E9189223-5024-4284-B02A-9F22C83DAE88}.Mono_Debug|Any CPU.ActiveCfg = Mono_Debug|Any CPU
		{E9189223-5024-4284-B02A-9F22C83DAE88}.Mono_Debug|Any CPU.Build.0 = Mono_Debug|Any CPU
		{E9189223-5024-4284-B02A-9F22C83DAE88}.Mono_Release|Any CPU.ActiveCfg = Mono_Release|Any CPU
		{E9189223-5024-4284-B02A-9F22C83DAE88}.Mono_Release|Any CPU.Build.0 = Mono_Release|Any CPU
		{E99E229E-2D6A-4C49-8E6F-C06E3F346606}.Mono_Debug|Any CPU.ActiveCfg = Mono_Debug|Any CPU
		{E99E229E-2D6A-4C49-8E6F-C06E3F346606}.Mono_Debug|Any CPU.Build.0 = Mono_Debug|Any CPU
		{E99E229E-2D6A-4C49-8E6F-C06E3F346606}.Mono_Release|Any CPU.ActiveCfg = Mono_Release|Any CPU
		{E99E229E-2D6A-4C49-8E6F-C06E3F346606}.Mono_Release|Any CPU.Build.0 = Mono_Release|Any CPU
		{ED16F93E-23F3-4075-B72D-F64E49D08E2D}.Mono_Debug|Any CPU.ActiveCfg = Mono_Debug|Any CPU
		{ED16F93E-23F3-4075-B72D-F64E49D08E2D}.Mono_Debug|Any CPU.Build.0 = Mono_Debug|Any CPU
		{ED16F93E-23F3-4075-B72D-F64E49D08E2D}.Mono_Release|Any CPU.ActiveCfg = Mono_Release|Any CPU
		{ED16F93E-23F3-4075-B72D-F64E49D08E2D}.Mono_Release|Any CPU.Build.0 = Mono_Release|Any CPU
		{F64D6AF3-3543-47F0-A7B8-0336750B09C3}.Mono_Debug|Any CPU.ActiveCfg = Mono_Debug|Any CPU
		{F64D6AF3-3543-47F0-A7B8-0336750B09C3}.Mono_Debug|Any CPU.Build.0 = Mono_Debug|Any CPU
		{F64D6AF3-3543-47F0-A7B8-0336750B09C3}.Mono_Release|Any CPU.ActiveCfg = Mono_Release|Any CPU
		{F64D6AF3-3543-47F0-A7B8-0336750B09C3}.Mono_Release|Any CPU.Build.0 = Mono_Release|Any CPU
		{FF45F69E-C808-46A5-9557-307D5F8A0A6D}.Mono_Debug|Any CPU.ActiveCfg = Mono_Debug|Any CPU
		{FF45F69E-C808-46A5-9557-307D5F8A0A6D}.Mono_Debug|Any CPU.Build.0 = Mono_Debug|Any CPU
		{FF45F69E-C808-46A5-9557-307D5F8A0A6D}.Mono_Release|Any CPU.ActiveCfg = Mono_Release|Any CPU
		{FF45F69E-C808-46A5-9557-307D5F8A0A6D}.Mono_Release|Any CPU.Build.0 = Mono_Release|Any CPU
	EndGlobalSection
	GlobalSection(MonoDevelopProperties) = preSolution
		StartupItem = Ares.CmdLinePlayer\Ares.CmdLinePlayer_Mono.csproj
		Policies = $0
		$0.DotNetNamingPolicy = $1
		$1.DirectoryNamespaceAssociation = None
		$1.ResourceNamePolicy = FileFormatDefault
		$0.StandardHeader = $2
		$2.Text = 
		$2.IncludeInNewFiles = True
		$0.NameConventionPolicy = $3
		$3.Rules = $4
		$4.NamingRule = $5
		$5.Name = Namespaces
		$5.AffectedEntity = Namespace
		$5.VisibilityMask = VisibilityMask
		$5.NamingStyle = PascalCase
		$5.IncludeInstanceMembers = True
		$5.IncludeStaticEntities = True
		$4.NamingRule = $6
		$6.Name = Types
		$6.AffectedEntity = Class, Struct, Enum, Delegate
		$6.VisibilityMask = Public
		$6.NamingStyle = PascalCase
		$6.IncludeInstanceMembers = True
		$6.IncludeStaticEntities = True
		$4.NamingRule = $7
		$7.Name = Interfaces
		$7.RequiredPrefixes = $8
		$8.String = I
		$7.AffectedEntity = Interface
		$7.VisibilityMask = Public
		$7.NamingStyle = PascalCase
		$7.IncludeInstanceMembers = True
		$7.IncludeStaticEntities = True
		$4.NamingRule = $9
		$9.Name = Attributes
		$9.RequiredSuffixes = $10
		$10.String = Attribute
		$9.AffectedEntity = CustomAttributes
		$9.VisibilityMask = Public
		$9.NamingStyle = PascalCase
		$9.IncludeInstanceMembers = True
		$9.IncludeStaticEntities = True
		$4.NamingRule = $11
		$11.Name = Event Arguments
		$11.RequiredSuffixes = $12
		$12.String = EventArgs
		$11.AffectedEntity = CustomEventArgs
		$11.VisibilityMask = Public
		$11.NamingStyle = PascalCase
		$11.IncludeInstanceMembers = True
		$11.IncludeStaticEntities = True
		$4.NamingRule = $13
		$13.Name = Exceptions
		$13.RequiredSuffixes = $14
		$14.String = Exception
		$13.AffectedEntity = CustomExceptions
		$13.VisibilityMask = VisibilityMask
		$13.NamingStyle = PascalCase
		$13.IncludeInstanceMembers = True
		$13.IncludeStaticEntities = True
		$4.NamingRule = $15
		$15.Name = Methods
		$15.AffectedEntity = Methods
		$15.VisibilityMask = Protected, Public
		$15.NamingStyle = PascalCase
		$15.IncludeInstanceMembers = True
		$15.IncludeStaticEntities = True
		$4.NamingRule = $16
		$16.Name = Static Readonly Fields
		$16.AffectedEntity = ReadonlyField
		$16.VisibilityMask = Protected, Public
		$16.NamingStyle = PascalCase
		$16.IncludeInstanceMembers = False
		$16.IncludeStaticEntities = True
		$4.NamingRule = $17
		$17.Name = Fields
		$17.AffectedEntity = Field
		$17.VisibilityMask = Protected, Public
		$17.NamingStyle = PascalCase
		$17.IncludeInstanceMembers = True
		$17.IncludeStaticEntities = True
		$4.NamingRule = $18
		$18.Name = ReadOnly Fields
		$18.AffectedEntity = ReadonlyField
		$18.VisibilityMask = Protected, Public
		$18.NamingStyle = PascalCase
		$18.IncludeInstanceMembers = True
		$18.IncludeStaticEntities = False
		$4.NamingRule = $19
		$19.Name = Constant Fields
		$19.AffectedEntity = ConstantField
		$19.VisibilityMask = Protected, Public
		$19.NamingStyle = PascalCase
		$19.IncludeInstanceMembers = True
		$19.IncludeStaticEntities = True
		$4.NamingRule = $20
		$20.Name = Properties
		$20.AffectedEntity = Property
		$20.VisibilityMask = Protected, Public
		$20.NamingStyle = PascalCase
		$20.IncludeInstanceMembers = True
		$20.IncludeStaticEntities = True
		$4.NamingRule = $21
		$21.Name = Events
		$21.AffectedEntity = Event
		$21.VisibilityMask = Protected, Public
		$21.NamingStyle = PascalCase
		$21.IncludeInstanceMembers = True
		$21.IncludeStaticEntities = True
		$4.NamingRule = $22
		$22.Name = Enum Members
		$22.AffectedEntity = EnumMember
		$22.VisibilityMask = VisibilityMask
		$22.NamingStyle = PascalCase
		$22.IncludeInstanceMembers = True
		$22.IncludeStaticEntities = True
		$4.NamingRule = $23
		$23.Name = Parameters
		$23.AffectedEntity = Parameter
		$23.VisibilityMask = VisibilityMask
		$23.NamingStyle = CamelCase
		$23.IncludeInstanceMembers = True
		$23.IncludeStaticEntities = True
		$4.NamingRule = $24
		$24.Name = Type Parameters
		$24.RequiredPrefixes = $25
		$25.String = T
		$24.AffectedEntity = TypeParameter
		$24.VisibilityMask = VisibilityMask
		$24.NamingStyle = PascalCase
		$24.IncludeInstanceMembers = True
		$24.IncludeStaticEntities = True
		outputpath = ..\bin\Mono Debug
	EndGlobalSection
EndGlobal
