
Microsoft Visual Studio Solution File, Format Version 12.00
# Visual Studio 14
VisualStudioVersion = 14.0.23107.0
MinimumVisualStudioVersion = 10.0.40219.1
Project("{FAE04EC0-301F-11D3-BF4B-00C04F79EFBC}") = "Ares.MediaPortalPlugin", "Ares.Plugin\Ares.MediaPortalPlugin.csproj", "{BCEDB58D-93B1-4DE6-96DE-F6A5446D0D74}"
EndProject
Project("{FAE04EC0-301F-11D3-BF4B-00C04F79EFBC}") = "Ares.Controllers", "Ares.Controllers\Ares.Controllers.csproj", "{81481CB6-C6EE-4734-8D41-09202342E1B9}"
EndProject
Project("{FAE04EC0-301F-11D3-BF4B-00C04F79EFBC}") = "Ares.Settings", "Ares.Settings\Ares.Settings.csproj", "{E99E229E-2D6A-4C49-8E6F-C06E3F346606}"
EndProject
Project("{FAE04EC0-301F-11D3-BF4B-00C04F79EFBC}") = "Ares.Ipc", "Ares.Ipc\Ares.Ipc.csproj", "{07BE1372-C1D2-4E2A-9678-DC27BE0D9FF0}"
EndProject
Global
	GlobalSection(SolutionConfigurationPlatforms) = preSolution
		Controllers Debug|Any CPU = Controllers Debug|Any CPU
		Controllers Debug|Mixed Platforms = Controllers Debug|Mixed Platforms
		Controllers Debug|x86 = Controllers Debug|x86
		Controllers Release|Any CPU = Controllers Release|Any CPU
		Controllers Release|Mixed Platforms = Controllers Release|Mixed Platforms
		Controllers Release|x86 = Controllers Release|x86
		Debug English|Any CPU = Debug English|Any CPU
		Debug English|Mixed Platforms = Debug English|Mixed Platforms
		Debug English|x86 = Debug English|x86
		Debug|Any CPU = Debug|Any CPU
		Debug|Mixed Platforms = Debug|Mixed Platforms
		Debug|x86 = Debug|x86
		Mono Debug|Any CPU = Mono Debug|Any CPU
		Mono Debug|Mixed Platforms = Mono Debug|Mixed Platforms
		Mono Debug|x86 = Mono Debug|x86
		Release|Any CPU = Release|Any CPU
		Release|Mixed Platforms = Release|Mixed Platforms
		Release|x86 = Release|x86
	EndGlobalSection
	GlobalSection(ProjectConfigurationPlatforms) = postSolution
		{BCEDB58D-93B1-4DE6-96DE-F6A5446D0D74}.Controllers Debug|Any CPU.ActiveCfg = Debug|Any CPU
		{BCEDB58D-93B1-4DE6-96DE-F6A5446D0D74}.Controllers Debug|Any CPU.Build.0 = Debug|Any CPU
		{BCEDB58D-93B1-4DE6-96DE-F6A5446D0D74}.Controllers Debug|Mixed Platforms.ActiveCfg = Debug|Any CPU
		{BCEDB58D-93B1-4DE6-96DE-F6A5446D0D74}.Controllers Debug|Mixed Platforms.Build.0 = Debug|Any CPU
		{BCEDB58D-93B1-4DE6-96DE-F6A5446D0D74}.Controllers Debug|x86.ActiveCfg = Debug|Any CPU
		{BCEDB58D-93B1-4DE6-96DE-F6A5446D0D74}.Controllers Release|Any CPU.ActiveCfg = Release|Any CPU
		{BCEDB58D-93B1-4DE6-96DE-F6A5446D0D74}.Controllers Release|Any CPU.Build.0 = Release|Any CPU
		{BCEDB58D-93B1-4DE6-96DE-F6A5446D0D74}.Controllers Release|Mixed Platforms.ActiveCfg = Release|Any CPU
		{BCEDB58D-93B1-4DE6-96DE-F6A5446D0D74}.Controllers Release|Mixed Platforms.Build.0 = Release|Any CPU
		{BCEDB58D-93B1-4DE6-96DE-F6A5446D0D74}.Controllers Release|x86.ActiveCfg = Release|Any CPU
		{BCEDB58D-93B1-4DE6-96DE-F6A5446D0D74}.Debug English|Any CPU.ActiveCfg = Debug English|Any CPU
		{BCEDB58D-93B1-4DE6-96DE-F6A5446D0D74}.Debug English|Any CPU.Build.0 = Debug English|Any CPU
		{BCEDB58D-93B1-4DE6-96DE-F6A5446D0D74}.Debug English|Mixed Platforms.ActiveCfg = Debug English|Any CPU
		{BCEDB58D-93B1-4DE6-96DE-F6A5446D0D74}.Debug English|Mixed Platforms.Build.0 = Debug English|Any CPU
		{BCEDB58D-93B1-4DE6-96DE-F6A5446D0D74}.Debug English|x86.ActiveCfg = Debug English|Any CPU
		{BCEDB58D-93B1-4DE6-96DE-F6A5446D0D74}.Debug|Any CPU.ActiveCfg = Debug|Any CPU
		{BCEDB58D-93B1-4DE6-96DE-F6A5446D0D74}.Debug|Any CPU.Build.0 = Debug|Any CPU
		{BCEDB58D-93B1-4DE6-96DE-F6A5446D0D74}.Debug|Mixed Platforms.ActiveCfg = Debug|Any CPU
		{BCEDB58D-93B1-4DE6-96DE-F6A5446D0D74}.Debug|Mixed Platforms.Build.0 = Debug|Any CPU
		{BCEDB58D-93B1-4DE6-96DE-F6A5446D0D74}.Debug|x86.ActiveCfg = Debug|Any CPU
		{BCEDB58D-93B1-4DE6-96DE-F6A5446D0D74}.Mono Debug|Any CPU.ActiveCfg = Debug|Any CPU
		{BCEDB58D-93B1-4DE6-96DE-F6A5446D0D74}.Mono Debug|Any CPU.Build.0 = Debug|Any CPU
		{BCEDB58D-93B1-4DE6-96DE-F6A5446D0D74}.Mono Debug|Mixed Platforms.ActiveCfg = Debug|Any CPU
		{BCEDB58D-93B1-4DE6-96DE-F6A5446D0D74}.Mono Debug|Mixed Platforms.Build.0 = Debug|Any CPU
		{BCEDB58D-93B1-4DE6-96DE-F6A5446D0D74}.Mono Debug|x86.ActiveCfg = Debug|Any CPU
		{BCEDB58D-93B1-4DE6-96DE-F6A5446D0D74}.Mono Debug|x86.Build.0 = Debug|Any CPU
		{BCEDB58D-93B1-4DE6-96DE-F6A5446D0D74}.Release|Any CPU.ActiveCfg = Release|Any CPU
		{BCEDB58D-93B1-4DE6-96DE-F6A5446D0D74}.Release|Any CPU.Build.0 = Release|Any CPU
		{BCEDB58D-93B1-4DE6-96DE-F6A5446D0D74}.Release|Mixed Platforms.ActiveCfg = Release|Any CPU
		{BCEDB58D-93B1-4DE6-96DE-F6A5446D0D74}.Release|Mixed Platforms.Build.0 = Release|Any CPU
		{BCEDB58D-93B1-4DE6-96DE-F6A5446D0D74}.Release|x86.ActiveCfg = Release|Any CPU
		{81481CB6-C6EE-4734-8D41-09202342E1B9}.Controllers Debug|Any CPU.ActiveCfg = Debug|Any CPU
		{81481CB6-C6EE-4734-8D41-09202342E1B9}.Controllers Debug|Any CPU.Build.0 = Debug|Any CPU
		{81481CB6-C6EE-4734-8D41-09202342E1B9}.Controllers Debug|Mixed Platforms.ActiveCfg = Debug|Any CPU
		{81481CB6-C6EE-4734-8D41-09202342E1B9}.Controllers Debug|Mixed Platforms.Build.0 = Debug|Any CPU
		{81481CB6-C6EE-4734-8D41-09202342E1B9}.Controllers Debug|x86.ActiveCfg = Debug|Any CPU
		{81481CB6-C6EE-4734-8D41-09202342E1B9}.Controllers Release|Any CPU.ActiveCfg = Release|Any CPU
		{81481CB6-C6EE-4734-8D41-09202342E1B9}.Controllers Release|Any CPU.Build.0 = Release|Any CPU
		{81481CB6-C6EE-4734-8D41-09202342E1B9}.Controllers Release|Mixed Platforms.ActiveCfg = Release|Any CPU
		{81481CB6-C6EE-4734-8D41-09202342E1B9}.Controllers Release|Mixed Platforms.Build.0 = Release|Any CPU
		{81481CB6-C6EE-4734-8D41-09202342E1B9}.Controllers Release|x86.ActiveCfg = Release|Any CPU
		{81481CB6-C6EE-4734-8D41-09202342E1B9}.Debug English|Any CPU.ActiveCfg = Debug|Any CPU
		{81481CB6-C6EE-4734-8D41-09202342E1B9}.Debug English|Any CPU.Build.0 = Debug|Any CPU
		{81481CB6-C6EE-4734-8D41-09202342E1B9}.Debug English|Mixed Platforms.ActiveCfg = Debug|Any CPU
		{81481CB6-C6EE-4734-8D41-09202342E1B9}.Debug English|Mixed Platforms.Build.0 = Debug|Any CPU
		{81481CB6-C6EE-4734-8D41-09202342E1B9}.Debug English|x86.ActiveCfg = Debug|Any CPU
		{81481CB6-C6EE-4734-8D41-09202342E1B9}.Debug|Any CPU.ActiveCfg = Debug|Any CPU
		{81481CB6-C6EE-4734-8D41-09202342E1B9}.Debug|Any CPU.Build.0 = Debug|Any CPU
		{81481CB6-C6EE-4734-8D41-09202342E1B9}.Debug|Mixed Platforms.ActiveCfg = Debug|Any CPU
		{81481CB6-C6EE-4734-8D41-09202342E1B9}.Debug|Mixed Platforms.Build.0 = Debug|Any CPU
		{81481CB6-C6EE-4734-8D41-09202342E1B9}.Debug|x86.ActiveCfg = Debug|Any CPU
		{81481CB6-C6EE-4734-8D41-09202342E1B9}.Mono Debug|Any CPU.ActiveCfg = Debug|Any CPU
		{81481CB6-C6EE-4734-8D41-09202342E1B9}.Mono Debug|Any CPU.Build.0 = Debug|Any CPU
		{81481CB6-C6EE-4734-8D41-09202342E1B9}.Mono Debug|Mixed Platforms.ActiveCfg = Debug|Any CPU
		{81481CB6-C6EE-4734-8D41-09202342E1B9}.Mono Debug|Mixed Platforms.Build.0 = Debug|Any CPU
		{81481CB6-C6EE-4734-8D41-09202342E1B9}.Mono Debug|x86.ActiveCfg = Debug|Any CPU
		{81481CB6-C6EE-4734-8D41-09202342E1B9}.Release|Any CPU.ActiveCfg = Release|Any CPU
		{81481CB6-C6EE-4734-8D41-09202342E1B9}.Release|Any CPU.Build.0 = Release|Any CPU
		{81481CB6-C6EE-4734-8D41-09202342E1B9}.Release|Mixed Platforms.ActiveCfg = Release|Any CPU
		{81481CB6-C6EE-4734-8D41-09202342E1B9}.Release|Mixed Platforms.Build.0 = Release|Any CPU
		{81481CB6-C6EE-4734-8D41-09202342E1B9}.Release|x86.ActiveCfg = Release|Any CPU
		{E99E229E-2D6A-4C49-8E6F-C06E3F346606}.Controllers Debug|Any CPU.ActiveCfg = Debug|Any CPU
		{E99E229E-2D6A-4C49-8E6F-C06E3F346606}.Controllers Debug|Any CPU.Build.0 = Debug|Any CPU
		{E99E229E-2D6A-4C49-8E6F-C06E3F346606}.Controllers Debug|Mixed Platforms.ActiveCfg = Debug|Any CPU
		{E99E229E-2D6A-4C49-8E6F-C06E3F346606}.Controllers Debug|Mixed Platforms.Build.0 = Debug|Any CPU
		{E99E229E-2D6A-4C49-8E6F-C06E3F346606}.Controllers Debug|x86.ActiveCfg = Debug|Any CPU
		{E99E229E-2D6A-4C49-8E6F-C06E3F346606}.Controllers Release|Any CPU.ActiveCfg = Release|Any CPU
		{E99E229E-2D6A-4C49-8E6F-C06E3F346606}.Controllers Release|Any CPU.Build.0 = Release|Any CPU
		{E99E229E-2D6A-4C49-8E6F-C06E3F346606}.Controllers Release|Mixed Platforms.ActiveCfg = Release|Any CPU
		{E99E229E-2D6A-4C49-8E6F-C06E3F346606}.Controllers Release|Mixed Platforms.Build.0 = Release|Any CPU
		{E99E229E-2D6A-4C49-8E6F-C06E3F346606}.Controllers Release|x86.ActiveCfg = Release|Any CPU
		{E99E229E-2D6A-4C49-8E6F-C06E3F346606}.Debug English|Any CPU.ActiveCfg = Debug English|Any CPU
		{E99E229E-2D6A-4C49-8E6F-C06E3F346606}.Debug English|Any CPU.Build.0 = Debug English|Any CPU
		{E99E229E-2D6A-4C49-8E6F-C06E3F346606}.Debug English|Mixed Platforms.ActiveCfg = Debug English|Any CPU
		{E99E229E-2D6A-4C49-8E6F-C06E3F346606}.Debug English|Mixed Platforms.Build.0 = Debug English|Any CPU
		{E99E229E-2D6A-4C49-8E6F-C06E3F346606}.Debug English|x86.ActiveCfg = Debug English|Any CPU
		{E99E229E-2D6A-4C49-8E6F-C06E3F346606}.Debug|Any CPU.ActiveCfg = Debug|Any CPU
		{E99E229E-2D6A-4C49-8E6F-C06E3F346606}.Debug|Any CPU.Build.0 = Debug|Any CPU
		{E99E229E-2D6A-4C49-8E6F-C06E3F346606}.Debug|Mixed Platforms.ActiveCfg = Debug|Any CPU
		{E99E229E-2D6A-4C49-8E6F-C06E3F346606}.Debug|Mixed Platforms.Build.0 = Debug|Any CPU
		{E99E229E-2D6A-4C49-8E6F-C06E3F346606}.Debug|x86.ActiveCfg = Debug|Any CPU
		{E99E229E-2D6A-4C49-8E6F-C06E3F346606}.Mono Debug|Any CPU.ActiveCfg = Mono Debug|Any CPU
		{E99E229E-2D6A-4C49-8E6F-C06E3F346606}.Mono Debug|Any CPU.Build.0 = Mono Debug|Any CPU
		{E99E229E-2D6A-4C49-8E6F-C06E3F346606}.Mono Debug|Mixed Platforms.ActiveCfg = Mono Debug|Any CPU
		{E99E229E-2D6A-4C49-8E6F-C06E3F346606}.Mono Debug|Mixed Platforms.Build.0 = Mono Debug|Any CPU
		{E99E229E-2D6A-4C49-8E6F-C06E3F346606}.Mono Debug|x86.ActiveCfg = Mono Debug|Any CPU
		{E99E229E-2D6A-4C49-8E6F-C06E3F346606}.Release|Any CPU.ActiveCfg = Release|Any CPU
		{E99E229E-2D6A-4C49-8E6F-C06E3F346606}.Release|Any CPU.Build.0 = Release|Any CPU
		{E99E229E-2D6A-4C49-8E6F-C06E3F346606}.Release|Mixed Platforms.ActiveCfg = Release|Any CPU
		{E99E229E-2D6A-4C49-8E6F-C06E3F346606}.Release|Mixed Platforms.Build.0 = Release|Any CPU
		{E99E229E-2D6A-4C49-8E6F-C06E3F346606}.Release|x86.ActiveCfg = Release|Any CPU
		{07BE1372-C1D2-4E2A-9678-DC27BE0D9FF0}.Controllers Debug|Any CPU.ActiveCfg = Debug|Any CPU
		{07BE1372-C1D2-4E2A-9678-DC27BE0D9FF0}.Controllers Debug|Any CPU.Build.0 = Debug|Any CPU
		{07BE1372-C1D2-4E2A-9678-DC27BE0D9FF0}.Controllers Debug|Mixed Platforms.ActiveCfg = Debug|Any CPU
		{07BE1372-C1D2-4E2A-9678-DC27BE0D9FF0}.Controllers Debug|Mixed Platforms.Build.0 = Debug|Any CPU
		{07BE1372-C1D2-4E2A-9678-DC27BE0D9FF0}.Controllers Debug|x86.ActiveCfg = Debug|Any CPU
		{07BE1372-C1D2-4E2A-9678-DC27BE0D9FF0}.Controllers Debug|x86.Build.0 = Debug|Any CPU
		{07BE1372-C1D2-4E2A-9678-DC27BE0D9FF0}.Controllers Release|Any CPU.ActiveCfg = Release|Any CPU
		{07BE1372-C1D2-4E2A-9678-DC27BE0D9FF0}.Controllers Release|Any CPU.Build.0 = Release|Any CPU
		{07BE1372-C1D2-4E2A-9678-DC27BE0D9FF0}.Controllers Release|Mixed Platforms.ActiveCfg = Release|Any CPU
		{07BE1372-C1D2-4E2A-9678-DC27BE0D9FF0}.Controllers Release|Mixed Platforms.Build.0 = Release|Any CPU
		{07BE1372-C1D2-4E2A-9678-DC27BE0D9FF0}.Controllers Release|x86.ActiveCfg = Release|Any CPU
		{07BE1372-C1D2-4E2A-9678-DC27BE0D9FF0}.Controllers Release|x86.Build.0 = Release|Any CPU
		{07BE1372-C1D2-4E2A-9678-DC27BE0D9FF0}.Debug English|Any CPU.ActiveCfg = Debug English|Any CPU
		{07BE1372-C1D2-4E2A-9678-DC27BE0D9FF0}.Debug English|Any CPU.Build.0 = Debug English|Any CPU
		{07BE1372-C1D2-4E2A-9678-DC27BE0D9FF0}.Debug English|Mixed Platforms.ActiveCfg = Debug English|Any CPU
		{07BE1372-C1D2-4E2A-9678-DC27BE0D9FF0}.Debug English|Mixed Platforms.Build.0 = Debug English|Any CPU
		{07BE1372-C1D2-4E2A-9678-DC27BE0D9FF0}.Debug English|x86.ActiveCfg = Debug English|Any CPU
		{07BE1372-C1D2-4E2A-9678-DC27BE0D9FF0}.Debug English|x86.Build.0 = Debug English|Any CPU
		{07BE1372-C1D2-4E2A-9678-DC27BE0D9FF0}.Debug|Any CPU.ActiveCfg = Debug|Any CPU
		{07BE1372-C1D2-4E2A-9678-DC27BE0D9FF0}.Debug|Any CPU.Build.0 = Debug|Any CPU
		{07BE1372-C1D2-4E2A-9678-DC27BE0D9FF0}.Debug|Mixed Platforms.ActiveCfg = Debug|Any CPU
		{07BE1372-C1D2-4E2A-9678-DC27BE0D9FF0}.Debug|Mixed Platforms.Build.0 = Debug|Any CPU
		{07BE1372-C1D2-4E2A-9678-DC27BE0D9FF0}.Debug|x86.ActiveCfg = Debug|Any CPU
		{07BE1372-C1D2-4E2A-9678-DC27BE0D9FF0}.Debug|x86.Build.0 = Debug|Any CPU
		{07BE1372-C1D2-4E2A-9678-DC27BE0D9FF0}.Mono Debug|Any CPU.ActiveCfg = Mono Debug|Any CPU
		{07BE1372-C1D2-4E2A-9678-DC27BE0D9FF0}.Mono Debug|Any CPU.Build.0 = Mono Debug|Any CPU
		{07BE1372-C1D2-4E2A-9678-DC27BE0D9FF0}.Mono Debug|Mixed Platforms.ActiveCfg = Mono Debug|Any CPU
		{07BE1372-C1D2-4E2A-9678-DC27BE0D9FF0}.Mono Debug|Mixed Platforms.Build.0 = Mono Debug|Any CPU
		{07BE1372-C1D2-4E2A-9678-DC27BE0D9FF0}.Mono Debug|x86.ActiveCfg = Mono Debug|Any CPU
		{07BE1372-C1D2-4E2A-9678-DC27BE0D9FF0}.Mono Debug|x86.Build.0 = Mono Debug|Any CPU
		{07BE1372-C1D2-4E2A-9678-DC27BE0D9FF0}.Release|Any CPU.ActiveCfg = Release|Any CPU
		{07BE1372-C1D2-4E2A-9678-DC27BE0D9FF0}.Release|Any CPU.Build.0 = Release|Any CPU
		{07BE1372-C1D2-4E2A-9678-DC27BE0D9FF0}.Release|Mixed Platforms.ActiveCfg = Release|Any CPU
		{07BE1372-C1D2-4E2A-9678-DC27BE0D9FF0}.Release|Mixed Platforms.Build.0 = Release|Any CPU
		{07BE1372-C1D2-4E2A-9678-DC27BE0D9FF0}.Release|x86.ActiveCfg = Release|Any CPU
		{07BE1372-C1D2-4E2A-9678-DC27BE0D9FF0}.Release|x86.Build.0 = Release|Any CPU
	EndGlobalSection
	GlobalSection(SolutionProperties) = preSolution
		HideSolutionNode = FALSE
	EndGlobalSection
	GlobalSection(MonoDevelopProperties) = preSolution
		StartupItem = Ares.Editor\Ares.Editor.csproj
	EndGlobalSection
EndGlobal
