Microsoft Visual Studio Solution File, Format Version 12.00
# Visual Studio 14
VisualStudioVersion = 14.0.25420.1
MinimumVisualStudioVersion = 10.0.40219.1
Project("{FAE04EC0-301F-11D3-BF4B-00C04F79EFBC}") = "Ares.Data", "Ares.Data\Ares.Data.csproj", "{F64D6AF3-3543-47F0-A7B8-0336750B09C3}"
EndProject
Project("{FAE04EC0-301F-11D3-BF4B-00C04F79EFBC}") = "Ares.Playing", "Ares.Playing\Ares.Playing.csproj", "{6C55F933-0F49-489C-AFF4-E0E0A8581E42}"
EndProject
Project("{FAE04EC0-301F-11D3-BF4B-00C04F79EFBC}") = "Ares.Editor", "Ares.Editor\Ares.Editor.csproj", "{499C1067-ECA5-4986-A985-8EAFD744BF80}"
EndProject
Project("{FAE04EC0-301F-11D3-BF4B-00C04F79EFBC}") = "Ares.Editor.Controls", "Ares.Editor.Controls\Ares.Editor.Controls.csproj", "{E9189223-5024-4284-B02A-9F22C83DAE88}"
EndProject
Project("{FAE04EC0-301F-11D3-BF4B-00C04F79EFBC}") = "Ares.Editor.Actions", "Ares.Editor.Actions\Ares.Editor.Actions.csproj", "{7799985C-64E9-4414-ACA8-01184B704032}"
EndProject
Project("{FAE04EC0-301F-11D3-BF4B-00C04F79EFBC}") = "Ares.Settings", "Ares.Settings\Ares.Settings.csproj", "{E99E229E-2D6A-4C49-8E6F-C06E3F346606}"
EndProject
Project("{FAE04EC0-301F-11D3-BF4B-00C04F79EFBC}") = "Ares.Player", "Ares.Player\Ares.Player.csproj", "{FF45F69E-C808-46A5-9557-307D5F8A0A6D}"
EndProject
Project("{FAE04EC0-301F-11D3-BF4B-00C04F79EFBC}") = "Ares.Ipc", "Ares.Ipc\Ares.Ipc.csproj", "{07BE1372-C1D2-4E2A-9678-DC27BE0D9FF0}"
EndProject
Project("{FAE04EC0-301F-11D3-BF4B-00C04F79EFBC}") = "Ares.ModelInfo", "Ares.ModelChecks\Ares.ModelInfo.csproj", "{50EA19EE-5337-499C-8B7B-1B22EA9E24A6}"
EndProject
Project("{FAE04EC0-301F-11D3-BF4B-00C04F79EFBC}") = "Ares.Players", "Ares.Players\Ares.Players.csproj", "{87F61D82-5515-48C4-94F5-FC5EF8435DBF}"
EndProject
Project("{FAE04EC0-301F-11D3-BF4B-00C04F79EFBC}") = "Ares.Online", "Ares.Online\Ares.Online.csproj", "{7550AD48-17A5-45BF-A632-B75EB82123DD}"
EndProject
Project("{FAE04EC0-301F-11D3-BF4B-00C04F79EFBC}") = "Ares.Tags", "Ares.Tags\Ares.Tags.csproj", "{ED78886A-8674-499F-B0F9-98EB25322EBB}"
EndProject
Project("{FAE04EC0-301F-11D3-BF4B-00C04F79EFBC}") = "Ares.TagsImport", "Ares.TagsImport\Ares.TagsImport.csproj", "{5F09CB94-0FC1-4F91-90AD-C6F08A89C146}"
EndProject
Project("{FAE04EC0-301F-11D3-BF4B-00C04F79EFBC}") = "Ares.CommonGUI", "Ares.CommonGUI\Ares.CommonGUI.csproj", "{ED16F93E-23F3-4075-B72D-F64E49D08E2D}"
EndProject
Project("{FAE04EC0-301F-11D3-BF4B-00C04F79EFBC}") = "Ares.CmdLinePlayer", "Ares.CmdLinePlayer\Ares.CmdLinePlayer.csproj", "{8F96265C-6608-4B98-9C56-C60F0D02751C}"
EndProject
Project("{FAE04EC0-301F-11D3-BF4B-00C04F79EFBC}") = "Ares.WinSecurity", "Ares.WinSecurity\Ares.WinSecurity.csproj", "{4AA4230A-F538-4DB3-BDA3-E96A0B737275}"
EndProject
Project("{FAE04EC0-301F-11D3-BF4B-00C04F79EFBC}") = "Ares.AudioSource", "Ares.AudioSource\Ares.AudioSource.csproj", "{505BF261-DD7F-4201-B0E3-471E464B39AF}"
EndProject
Project("{FAE04EC0-301F-11D3-BF4B-00C04F79EFBC}") = "Ares.AudioSource.Test", "Ares.AudioSource.Test\Ares.AudioSource.Test.csproj", "{EA1A2DD2-456B-4241-B093-EA3436A8580A}"
EndProject
Project("{FAE04EC0-301F-11D3-BF4B-00C04F79EFBC}") = "Ares.AudioSource.Freesound", "Ares.AudioSource.Freesound\Ares.AudioSource.Freesound.csproj", "{BEA071A5-8049-405C-97C1-004981A8949C}"
EndProject
Global
	GlobalSection(SolutionConfigurationPlatforms) = preSolution
		Debug English|Any CPU = Debug English|Any CPU
		Debug English|x86 = Debug English|x86
		Debug|Any CPU = Debug|Any CPU
		Debug|x86 = Debug|x86
		Release|Any CPU = Release|Any CPU
		Release|x86 = Release|x86
	EndGlobalSection
	GlobalSection(ProjectConfigurationPlatforms) = postSolution
		{F64D6AF3-3543-47F0-A7B8-0336750B09C3}.Debug English|Any CPU.ActiveCfg = Debug English|Any CPU
		{F64D6AF3-3543-47F0-A7B8-0336750B09C3}.Debug English|Any CPU.Build.0 = Debug English|Any CPU
		{F64D6AF3-3543-47F0-A7B8-0336750B09C3}.Debug English|x86.ActiveCfg = Debug English|Any CPU
		{F64D6AF3-3543-47F0-A7B8-0336750B09C3}.Debug English|x86.Build.0 = Debug English|Any CPU
		{F64D6AF3-3543-47F0-A7B8-0336750B09C3}.Debug|Any CPU.ActiveCfg = Debug|Any CPU
		{F64D6AF3-3543-47F0-A7B8-0336750B09C3}.Debug|Any CPU.Build.0 = Debug|Any CPU
		{F64D6AF3-3543-47F0-A7B8-0336750B09C3}.Debug|x86.ActiveCfg = Debug|Any CPU
		{F64D6AF3-3543-47F0-A7B8-0336750B09C3}.Debug|x86.Build.0 = Debug|Any CPU
		{F64D6AF3-3543-47F0-A7B8-0336750B09C3}.Release|Any CPU.ActiveCfg = Release|Any CPU
		{F64D6AF3-3543-47F0-A7B8-0336750B09C3}.Release|Any CPU.Build.0 = Release|Any CPU
		{F64D6AF3-3543-47F0-A7B8-0336750B09C3}.Release|x86.ActiveCfg = Release|Any CPU
		{F64D6AF3-3543-47F0-A7B8-0336750B09C3}.Release|x86.Build.0 = Release|Any CPU
		{6C55F933-0F49-489C-AFF4-E0E0A8581E42}.Debug English|Any CPU.ActiveCfg = Debug English|Any CPU
		{6C55F933-0F49-489C-AFF4-E0E0A8581E42}.Debug English|Any CPU.Build.0 = Debug English|Any CPU
		{6C55F933-0F49-489C-AFF4-E0E0A8581E42}.Debug English|x86.ActiveCfg = Debug English|Any CPU
		{6C55F933-0F49-489C-AFF4-E0E0A8581E42}.Debug English|x86.Build.0 = Debug English|Any CPU
		{6C55F933-0F49-489C-AFF4-E0E0A8581E42}.Debug|Any CPU.ActiveCfg = Debug|Any CPU
		{6C55F933-0F49-489C-AFF4-E0E0A8581E42}.Debug|Any CPU.Build.0 = Debug|Any CPU
		{6C55F933-0F49-489C-AFF4-E0E0A8581E42}.Debug|x86.ActiveCfg = Debug|Any CPU
		{6C55F933-0F49-489C-AFF4-E0E0A8581E42}.Debug|x86.Build.0 = Debug|Any CPU
		{6C55F933-0F49-489C-AFF4-E0E0A8581E42}.Release|Any CPU.ActiveCfg = Release|Any CPU
		{6C55F933-0F49-489C-AFF4-E0E0A8581E42}.Release|Any CPU.Build.0 = Release|Any CPU
		{6C55F933-0F49-489C-AFF4-E0E0A8581E42}.Release|x86.ActiveCfg = Release|Any CPU
		{6C55F933-0F49-489C-AFF4-E0E0A8581E42}.Release|x86.Build.0 = Release|Any CPU
		{499C1067-ECA5-4986-A985-8EAFD744BF80}.Debug English|Any CPU.ActiveCfg = Debug English|Any CPU
		{499C1067-ECA5-4986-A985-8EAFD744BF80}.Debug English|Any CPU.Build.0 = Debug English|Any CPU
		{499C1067-ECA5-4986-A985-8EAFD744BF80}.Debug English|x86.ActiveCfg = Debug English|x86
		{499C1067-ECA5-4986-A985-8EAFD744BF80}.Debug English|x86.Build.0 = Debug English|x86
		{499C1067-ECA5-4986-A985-8EAFD744BF80}.Debug|Any CPU.ActiveCfg = Debug|Any CPU
		{499C1067-ECA5-4986-A985-8EAFD744BF80}.Debug|Any CPU.Build.0 = Debug|Any CPU
		{499C1067-ECA5-4986-A985-8EAFD744BF80}.Debug|x86.ActiveCfg = Debug|x86
		{499C1067-ECA5-4986-A985-8EAFD744BF80}.Debug|x86.Build.0 = Debug|x86
		{499C1067-ECA5-4986-A985-8EAFD744BF80}.Release|Any CPU.ActiveCfg = Release|Any CPU
		{499C1067-ECA5-4986-A985-8EAFD744BF80}.Release|Any CPU.Build.0 = Release|Any CPU
		{499C1067-ECA5-4986-A985-8EAFD744BF80}.Release|x86.ActiveCfg = Release|x86
		{499C1067-ECA5-4986-A985-8EAFD744BF80}.Release|x86.Build.0 = Release|x86
		{E9189223-5024-4284-B02A-9F22C83DAE88}.Debug English|Any CPU.ActiveCfg = Debug English|Any CPU
		{E9189223-5024-4284-B02A-9F22C83DAE88}.Debug English|Any CPU.Build.0 = Debug English|Any CPU
		{E9189223-5024-4284-B02A-9F22C83DAE88}.Debug English|x86.ActiveCfg = Debug English|Any CPU
		{E9189223-5024-4284-B02A-9F22C83DAE88}.Debug English|x86.Build.0 = Debug English|Any CPU
		{E9189223-5024-4284-B02A-9F22C83DAE88}.Debug|Any CPU.ActiveCfg = Debug|Any CPU
		{E9189223-5024-4284-B02A-9F22C83DAE88}.Debug|Any CPU.Build.0 = Debug|Any CPU
		{E9189223-5024-4284-B02A-9F22C83DAE88}.Debug|x86.ActiveCfg = Debug|Any CPU
		{E9189223-5024-4284-B02A-9F22C83DAE88}.Debug|x86.Build.0 = Debug|Any CPU
		{E9189223-5024-4284-B02A-9F22C83DAE88}.Release|Any CPU.ActiveCfg = Release|Any CPU
		{E9189223-5024-4284-B02A-9F22C83DAE88}.Release|Any CPU.Build.0 = Release|Any CPU
		{E9189223-5024-4284-B02A-9F22C83DAE88}.Release|x86.ActiveCfg = Release|Any CPU
		{E9189223-5024-4284-B02A-9F22C83DAE88}.Release|x86.Build.0 = Release|Any CPU
		{7799985C-64E9-4414-ACA8-01184B704032}.Debug English|Any CPU.ActiveCfg = Debug English|Any CPU
		{7799985C-64E9-4414-ACA8-01184B704032}.Debug English|Any CPU.Build.0 = Debug English|Any CPU
		{7799985C-64E9-4414-ACA8-01184B704032}.Debug English|x86.ActiveCfg = Debug English|Any CPU
		{7799985C-64E9-4414-ACA8-01184B704032}.Debug English|x86.Build.0 = Debug English|Any CPU
		{7799985C-64E9-4414-ACA8-01184B704032}.Debug|Any CPU.ActiveCfg = Debug|Any CPU
		{7799985C-64E9-4414-ACA8-01184B704032}.Debug|Any CPU.Build.0 = Debug|Any CPU
		{7799985C-64E9-4414-ACA8-01184B704032}.Debug|x86.ActiveCfg = Debug|Any CPU
		{7799985C-64E9-4414-ACA8-01184B704032}.Debug|x86.Build.0 = Debug|Any CPU
		{7799985C-64E9-4414-ACA8-01184B704032}.Release|Any CPU.ActiveCfg = Release|Any CPU
		{7799985C-64E9-4414-ACA8-01184B704032}.Release|Any CPU.Build.0 = Release|Any CPU
		{7799985C-64E9-4414-ACA8-01184B704032}.Release|x86.ActiveCfg = Release|Any CPU
		{7799985C-64E9-4414-ACA8-01184B704032}.Release|x86.Build.0 = Release|Any CPU
		{E99E229E-2D6A-4C49-8E6F-C06E3F346606}.Debug English|Any CPU.ActiveCfg = Debug English|Any CPU
		{E99E229E-2D6A-4C49-8E6F-C06E3F346606}.Debug English|Any CPU.Build.0 = Debug English|Any CPU
		{E99E229E-2D6A-4C49-8E6F-C06E3F346606}.Debug English|x86.ActiveCfg = Debug English|Any CPU
		{E99E229E-2D6A-4C49-8E6F-C06E3F346606}.Debug English|x86.Build.0 = Debug English|Any CPU
		{E99E229E-2D6A-4C49-8E6F-C06E3F346606}.Debug|Any CPU.ActiveCfg = Debug|Any CPU
		{E99E229E-2D6A-4C49-8E6F-C06E3F346606}.Debug|Any CPU.Build.0 = Debug|Any CPU
		{E99E229E-2D6A-4C49-8E6F-C06E3F346606}.Debug|x86.ActiveCfg = Debug|Any CPU
		{E99E229E-2D6A-4C49-8E6F-C06E3F346606}.Debug|x86.Build.0 = Debug|Any CPU
		{E99E229E-2D6A-4C49-8E6F-C06E3F346606}.Release|Any CPU.ActiveCfg = Release|Any CPU
		{E99E229E-2D6A-4C49-8E6F-C06E3F346606}.Release|Any CPU.Build.0 = Release|Any CPU
		{E99E229E-2D6A-4C49-8E6F-C06E3F346606}.Release|x86.ActiveCfg = Release|Any CPU
		{E99E229E-2D6A-4C49-8E6F-C06E3F346606}.Release|x86.Build.0 = Release|Any CPU
		{FF45F69E-C808-46A5-9557-307D5F8A0A6D}.Debug English|Any CPU.ActiveCfg = Debug English|Any CPU
		{FF45F69E-C808-46A5-9557-307D5F8A0A6D}.Debug English|Any CPU.Build.0 = Debug English|Any CPU
		{FF45F69E-C808-46A5-9557-307D5F8A0A6D}.Debug English|x86.ActiveCfg = Debug English|x86
		{FF45F69E-C808-46A5-9557-307D5F8A0A6D}.Debug English|x86.Build.0 = Debug English|x86
		{FF45F69E-C808-46A5-9557-307D5F8A0A6D}.Debug|Any CPU.ActiveCfg = Debug|Any CPU
		{FF45F69E-C808-46A5-9557-307D5F8A0A6D}.Debug|Any CPU.Build.0 = Debug|Any CPU
		{FF45F69E-C808-46A5-9557-307D5F8A0A6D}.Debug|x86.ActiveCfg = Debug|x86
		{FF45F69E-C808-46A5-9557-307D5F8A0A6D}.Debug|x86.Build.0 = Debug|x86
		{FF45F69E-C808-46A5-9557-307D5F8A0A6D}.Release|Any CPU.ActiveCfg = Release|Any CPU
		{FF45F69E-C808-46A5-9557-307D5F8A0A6D}.Release|Any CPU.Build.0 = Release|Any CPU
		{FF45F69E-C808-46A5-9557-307D5F8A0A6D}.Release|x86.ActiveCfg = Release|x86
		{FF45F69E-C808-46A5-9557-307D5F8A0A6D}.Release|x86.Build.0 = Release|x86
		{07BE1372-C1D2-4E2A-9678-DC27BE0D9FF0}.Debug English|Any CPU.ActiveCfg = Debug English|Any CPU
		{07BE1372-C1D2-4E2A-9678-DC27BE0D9FF0}.Debug English|Any CPU.Build.0 = Debug English|Any CPU
		{07BE1372-C1D2-4E2A-9678-DC27BE0D9FF0}.Debug English|x86.ActiveCfg = Debug English|Any CPU
		{07BE1372-C1D2-4E2A-9678-DC27BE0D9FF0}.Debug English|x86.Build.0 = Debug English|Any CPU
		{07BE1372-C1D2-4E2A-9678-DC27BE0D9FF0}.Debug|Any CPU.ActiveCfg = Debug|Any CPU
		{07BE1372-C1D2-4E2A-9678-DC27BE0D9FF0}.Debug|Any CPU.Build.0 = Debug|Any CPU
		{07BE1372-C1D2-4E2A-9678-DC27BE0D9FF0}.Debug|x86.ActiveCfg = Debug|Any CPU
		{07BE1372-C1D2-4E2A-9678-DC27BE0D9FF0}.Debug|x86.Build.0 = Debug|Any CPU
		{07BE1372-C1D2-4E2A-9678-DC27BE0D9FF0}.Release|Any CPU.ActiveCfg = Release|Any CPU
		{07BE1372-C1D2-4E2A-9678-DC27BE0D9FF0}.Release|Any CPU.Build.0 = Release|Any CPU
		{07BE1372-C1D2-4E2A-9678-DC27BE0D9FF0}.Release|x86.ActiveCfg = Release|Any CPU
		{07BE1372-C1D2-4E2A-9678-DC27BE0D9FF0}.Release|x86.Build.0 = Release|Any CPU
		{50EA19EE-5337-499C-8B7B-1B22EA9E24A6}.Debug English|Any CPU.ActiveCfg = Debug English|Any CPU
		{50EA19EE-5337-499C-8B7B-1B22EA9E24A6}.Debug English|Any CPU.Build.0 = Debug English|Any CPU
		{50EA19EE-5337-499C-8B7B-1B22EA9E24A6}.Debug English|x86.ActiveCfg = Debug English|Any CPU
		{50EA19EE-5337-499C-8B7B-1B22EA9E24A6}.Debug English|x86.Build.0 = Debug English|Any CPU
		{50EA19EE-5337-499C-8B7B-1B22EA9E24A6}.Debug|Any CPU.ActiveCfg = Debug|Any CPU
		{50EA19EE-5337-499C-8B7B-1B22EA9E24A6}.Debug|Any CPU.Build.0 = Debug|Any CPU
		{50EA19EE-5337-499C-8B7B-1B22EA9E24A6}.Debug|x86.ActiveCfg = Debug|Any CPU
		{50EA19EE-5337-499C-8B7B-1B22EA9E24A6}.Debug|x86.Build.0 = Debug|Any CPU
		{50EA19EE-5337-499C-8B7B-1B22EA9E24A6}.Release|Any CPU.ActiveCfg = Release|Any CPU
		{50EA19EE-5337-499C-8B7B-1B22EA9E24A6}.Release|Any CPU.Build.0 = Release|Any CPU
		{50EA19EE-5337-499C-8B7B-1B22EA9E24A6}.Release|x86.ActiveCfg = Release|Any CPU
		{50EA19EE-5337-499C-8B7B-1B22EA9E24A6}.Release|x86.Build.0 = Release|Any CPU
		{87F61D82-5515-48C4-94F5-FC5EF8435DBF}.Debug English|Any CPU.ActiveCfg = Debug English|Any CPU
		{87F61D82-5515-48C4-94F5-FC5EF8435DBF}.Debug English|Any CPU.Build.0 = Debug English|Any CPU
		{87F61D82-5515-48C4-94F5-FC5EF8435DBF}.Debug English|x86.ActiveCfg = Debug English|Any CPU
		{87F61D82-5515-48C4-94F5-FC5EF8435DBF}.Debug English|x86.Build.0 = Debug English|Any CPU
		{87F61D82-5515-48C4-94F5-FC5EF8435DBF}.Debug|Any CPU.ActiveCfg = Debug|Any CPU
		{87F61D82-5515-48C4-94F5-FC5EF8435DBF}.Debug|Any CPU.Build.0 = Debug|Any CPU
		{87F61D82-5515-48C4-94F5-FC5EF8435DBF}.Debug|x86.ActiveCfg = Debug|Any CPU
		{87F61D82-5515-48C4-94F5-FC5EF8435DBF}.Debug|x86.Build.0 = Debug|Any CPU
		{87F61D82-5515-48C4-94F5-FC5EF8435DBF}.Release|Any CPU.ActiveCfg = Release|Any CPU
		{87F61D82-5515-48C4-94F5-FC5EF8435DBF}.Release|Any CPU.Build.0 = Release|Any CPU
		{87F61D82-5515-48C4-94F5-FC5EF8435DBF}.Release|x86.ActiveCfg = Release|Any CPU
		{87F61D82-5515-48C4-94F5-FC5EF8435DBF}.Release|x86.Build.0 = Release|Any CPU
		{7550AD48-17A5-45BF-A632-B75EB82123DD}.Debug English|Any CPU.ActiveCfg = Debug|Any CPU
		{7550AD48-17A5-45BF-A632-B75EB82123DD}.Debug English|Any CPU.Build.0 = Debug|Any CPU
		{7550AD48-17A5-45BF-A632-B75EB82123DD}.Debug English|x86.ActiveCfg = Debug|Any CPU
		{7550AD48-17A5-45BF-A632-B75EB82123DD}.Debug English|x86.Build.0 = Debug|Any CPU
		{7550AD48-17A5-45BF-A632-B75EB82123DD}.Debug|Any CPU.ActiveCfg = Debug|Any CPU
		{7550AD48-17A5-45BF-A632-B75EB82123DD}.Debug|Any CPU.Build.0 = Debug|Any CPU
		{7550AD48-17A5-45BF-A632-B75EB82123DD}.Debug|x86.ActiveCfg = Debug|Any CPU
		{7550AD48-17A5-45BF-A632-B75EB82123DD}.Debug|x86.Build.0 = Debug|Any CPU
		{7550AD48-17A5-45BF-A632-B75EB82123DD}.Release|Any CPU.ActiveCfg = Release|Any CPU
		{7550AD48-17A5-45BF-A632-B75EB82123DD}.Release|Any CPU.Build.0 = Release|Any CPU
		{7550AD48-17A5-45BF-A632-B75EB82123DD}.Release|x86.ActiveCfg = Release|Any CPU
		{7550AD48-17A5-45BF-A632-B75EB82123DD}.Release|x86.Build.0 = Release|Any CPU
		{ED78886A-8674-499F-B0F9-98EB25322EBB}.Debug English|Any CPU.ActiveCfg = Debug|Any CPU
		{ED78886A-8674-499F-B0F9-98EB25322EBB}.Debug English|Any CPU.Build.0 = Debug|Any CPU
		{ED78886A-8674-499F-B0F9-98EB25322EBB}.Debug English|x86.ActiveCfg = Debug|Any CPU
		{ED78886A-8674-499F-B0F9-98EB25322EBB}.Debug English|x86.Build.0 = Debug|Any CPU
		{ED78886A-8674-499F-B0F9-98EB25322EBB}.Debug|Any CPU.ActiveCfg = Debug|Any CPU
		{ED78886A-8674-499F-B0F9-98EB25322EBB}.Debug|Any CPU.Build.0 = Debug|Any CPU
		{ED78886A-8674-499F-B0F9-98EB25322EBB}.Debug|x86.ActiveCfg = Debug|Any CPU
		{ED78886A-8674-499F-B0F9-98EB25322EBB}.Debug|x86.Build.0 = Debug|Any CPU
		{ED78886A-8674-499F-B0F9-98EB25322EBB}.Release|Any CPU.ActiveCfg = Release|Any CPU
		{ED78886A-8674-499F-B0F9-98EB25322EBB}.Release|Any CPU.Build.0 = Release|Any CPU
		{ED78886A-8674-499F-B0F9-98EB25322EBB}.Release|x86.ActiveCfg = Release|Any CPU
		{ED78886A-8674-499F-B0F9-98EB25322EBB}.Release|x86.Build.0 = Release|Any CPU
		{5F09CB94-0FC1-4F91-90AD-C6F08A89C146}.Debug English|Any CPU.ActiveCfg = Debug|Any CPU
		{5F09CB94-0FC1-4F91-90AD-C6F08A89C146}.Debug English|Any CPU.Build.0 = Debug|Any CPU
		{5F09CB94-0FC1-4F91-90AD-C6F08A89C146}.Debug English|x86.ActiveCfg = Debug|Any CPU
		{5F09CB94-0FC1-4F91-90AD-C6F08A89C146}.Debug English|x86.Build.0 = Debug|Any CPU
		{5F09CB94-0FC1-4F91-90AD-C6F08A89C146}.Debug|Any CPU.ActiveCfg = Debug|Any CPU
		{5F09CB94-0FC1-4F91-90AD-C6F08A89C146}.Debug|Any CPU.Build.0 = Debug|Any CPU
		{5F09CB94-0FC1-4F91-90AD-C6F08A89C146}.Debug|x86.ActiveCfg = Debug|Any CPU
		{5F09CB94-0FC1-4F91-90AD-C6F08A89C146}.Debug|x86.Build.0 = Debug|Any CPU
		{5F09CB94-0FC1-4F91-90AD-C6F08A89C146}.Release|Any CPU.ActiveCfg = Release|Any CPU
		{5F09CB94-0FC1-4F91-90AD-C6F08A89C146}.Release|Any CPU.Build.0 = Release|Any CPU
		{5F09CB94-0FC1-4F91-90AD-C6F08A89C146}.Release|x86.ActiveCfg = Release|Any CPU
		{5F09CB94-0FC1-4F91-90AD-C6F08A89C146}.Release|x86.Build.0 = Release|Any CPU
		{ED16F93E-23F3-4075-B72D-F64E49D08E2D}.Debug English|Any CPU.ActiveCfg = Debug|Any CPU
		{ED16F93E-23F3-4075-B72D-F64E49D08E2D}.Debug English|Any CPU.Build.0 = Debug|Any CPU
		{ED16F93E-23F3-4075-B72D-F64E49D08E2D}.Debug English|x86.ActiveCfg = Debug|Any CPU
		{ED16F93E-23F3-4075-B72D-F64E49D08E2D}.Debug English|x86.Build.0 = Debug|Any CPU
		{ED16F93E-23F3-4075-B72D-F64E49D08E2D}.Debug|Any CPU.ActiveCfg = Debug|Any CPU
		{ED16F93E-23F3-4075-B72D-F64E49D08E2D}.Debug|Any CPU.Build.0 = Debug|Any CPU
		{ED16F93E-23F3-4075-B72D-F64E49D08E2D}.Debug|x86.ActiveCfg = Debug|Any CPU
		{ED16F93E-23F3-4075-B72D-F64E49D08E2D}.Debug|x86.Build.0 = Debug|Any CPU
		{ED16F93E-23F3-4075-B72D-F64E49D08E2D}.Release|Any CPU.ActiveCfg = Release|Any CPU
		{ED16F93E-23F3-4075-B72D-F64E49D08E2D}.Release|Any CPU.Build.0 = Release|Any CPU
		{ED16F93E-23F3-4075-B72D-F64E49D08E2D}.Release|x86.ActiveCfg = Release|Any CPU
		{ED16F93E-23F3-4075-B72D-F64E49D08E2D}.Release|x86.Build.0 = Release|Any CPU
		{8F96265C-6608-4B98-9C56-C60F0D02751C}.Debug English|Any CPU.ActiveCfg = Release|x86
		{8F96265C-6608-4B98-9C56-C60F0D02751C}.Debug English|Any CPU.Build.0 = Release|x86
		{8F96265C-6608-4B98-9C56-C60F0D02751C}.Debug English|x86.ActiveCfg = Debug|x86
		{8F96265C-6608-4B98-9C56-C60F0D02751C}.Debug English|x86.Build.0 = Debug|x86
		{8F96265C-6608-4B98-9C56-C60F0D02751C}.Debug|Any CPU.ActiveCfg = Debug|x86
		{8F96265C-6608-4B98-9C56-C60F0D02751C}.Debug|x86.ActiveCfg = Debug|x86
		{8F96265C-6608-4B98-9C56-C60F0D02751C}.Debug|x86.Build.0 = Debug|x86
		{8F96265C-6608-4B98-9C56-C60F0D02751C}.Release|Any CPU.ActiveCfg = Release|x86
		{8F96265C-6608-4B98-9C56-C60F0D02751C}.Release|x86.ActiveCfg = Release|x86
		{8F96265C-6608-4B98-9C56-C60F0D02751C}.Release|x86.Build.0 = Release|x86
		{4AA4230A-F538-4DB3-BDA3-E96A0B737275}.Debug English|Any CPU.ActiveCfg = Release|x86
		{4AA4230A-F538-4DB3-BDA3-E96A0B737275}.Debug English|Any CPU.Build.0 = Release|x86
		{4AA4230A-F538-4DB3-BDA3-E96A0B737275}.Debug English|x86.ActiveCfg = Debug|x86
		{4AA4230A-F538-4DB3-BDA3-E96A0B737275}.Debug English|x86.Build.0 = Debug|x86
		{4AA4230A-F538-4DB3-BDA3-E96A0B737275}.Debug|Any CPU.ActiveCfg = Debug|x86
		{4AA4230A-F538-4DB3-BDA3-E96A0B737275}.Debug|x86.ActiveCfg = Debug|x86
		{4AA4230A-F538-4DB3-BDA3-E96A0B737275}.Debug|x86.Build.0 = Debug|x86
		{4AA4230A-F538-4DB3-BDA3-E96A0B737275}.Release|Any CPU.ActiveCfg = Release|x86
		{4AA4230A-F538-4DB3-BDA3-E96A0B737275}.Release|x86.ActiveCfg = Release|x86
		{4AA4230A-F538-4DB3-BDA3-E96A0B737275}.Release|x86.Build.0 = Release|x86
		{505BF261-DD7F-4201-B0E3-471E464B39AF}.Debug English|Any CPU.ActiveCfg = Debug|Any CPU
		{505BF261-DD7F-4201-B0E3-471E464B39AF}.Debug English|Any CPU.Build.0 = Debug|Any CPU
		{505BF261-DD7F-4201-B0E3-471E464B39AF}.Debug English|x86.ActiveCfg = Debug|Any CPU
		{505BF261-DD7F-4201-B0E3-471E464B39AF}.Debug English|x86.Build.0 = Debug|Any CPU
		{505BF261-DD7F-4201-B0E3-471E464B39AF}.Debug|Any CPU.ActiveCfg = Debug|Any CPU
		{505BF261-DD7F-4201-B0E3-471E464B39AF}.Debug|Any CPU.Build.0 = Debug|Any CPU
		{505BF261-DD7F-4201-B0E3-471E464B39AF}.Debug|x86.ActiveCfg = Debug|Any CPU
		{505BF261-DD7F-4201-B0E3-471E464B39AF}.Debug|x86.Build.0 = Debug|Any CPU
		{505BF261-DD7F-4201-B0E3-471E464B39AF}.Release|Any CPU.ActiveCfg = Release|Any CPU
		{505BF261-DD7F-4201-B0E3-471E464B39AF}.Release|Any CPU.Build.0 = Release|Any CPU
		{505BF261-DD7F-4201-B0E3-471E464B39AF}.Release|x86.ActiveCfg = Release|Any CPU
		{505BF261-DD7F-4201-B0E3-471E464B39AF}.Release|x86.Build.0 = Release|Any CPU
		{EA1A2DD2-456B-4241-B093-EA3436A8580A}.Debug English|Any CPU.ActiveCfg = Debug|Any CPU
		{EA1A2DD2-456B-4241-B093-EA3436A8580A}.Debug English|x86.ActiveCfg = Debug|Any CPU
		{EA1A2DD2-456B-4241-B093-EA3436A8580A}.Debug|Any CPU.ActiveCfg = Debug|Any CPU
		{EA1A2DD2-456B-4241-B093-EA3436A8580A}.Debug|x86.ActiveCfg = Debug|Any CPU
		{EA1A2DD2-456B-4241-B093-EA3436A8580A}.Release|Any CPU.ActiveCfg = Release|Any CPU
		{EA1A2DD2-456B-4241-B093-EA3436A8580A}.Release|x86.ActiveCfg = Release|Any CPU
		{BEA071A5-8049-405C-97C1-004981A8949C}.Debug English|Any CPU.ActiveCfg = Debug|Any CPU
		{BEA071A5-8049-405C-97C1-004981A8949C}.Debug English|Any CPU.Build.0 = Debug|Any CPU
		{BEA071A5-8049-405C-97C1-004981A8949C}.Debug English|x86.ActiveCfg = Debug|Any CPU
		{BEA071A5-8049-405C-97C1-004981A8949C}.Debug English|x86.Build.0 = Debug|Any CPU
		{BEA071A5-8049-405C-97C1-004981A8949C}.Debug|Any CPU.ActiveCfg = Debug|Any CPU
		{BEA071A5-8049-405C-97C1-004981A8949C}.Debug|Any CPU.Build.0 = Debug|Any CPU
		{BEA071A5-8049-405C-97C1-004981A8949C}.Debug|x86.ActiveCfg = Debug|Any CPU
		{BEA071A5-8049-405C-97C1-004981A8949C}.Debug|x86.Build.0 = Debug|Any CPU
		{BEA071A5-8049-405C-97C1-004981A8949C}.Release|Any CPU.ActiveCfg = Release|Any CPU
		{BEA071A5-8049-405C-97C1-004981A8949C}.Release|Any CPU.Build.0 = Release|Any CPU
		{BEA071A5-8049-405C-97C1-004981A8949C}.Release|x86.ActiveCfg = Release|Any CPU
		{BEA071A5-8049-405C-97C1-004981A8949C}.Release|x86.Build.0 = Release|Any CPU
	EndGlobalSection
	GlobalSection(SolutionProperties) = preSolution
		HideSolutionNode = FALSE
	EndGlobalSection
	GlobalSection(MonoDevelopProperties) = preSolution
		StartupItem = Ares.Editor\Ares.Editor.csproj
	EndGlobalSection
EndGlobal
