
Microsoft Visual Studio Solution File, Format Version 11.00
# Visual Studio 2010
Project("{FAE04EC0-301F-11D3-BF4B-00C04F79EFBC}") = "Ares.Tags_Android", "Ares.Tags\Ares.Tags_Android.csproj", "{42A8F91D-6E6B-4740-AC3F-99A34074E695}"
EndProject
Project("{FAE04EC0-301F-11D3-BF4B-00C04F79EFBC}") = "Ares.Data_Android", "Ares.Data\Ares.Data_Android.csproj", "{2400A424-6F42-4BE9-811A-566FF1802441}"
EndProject
Project("{FAE04EC0-301F-11D3-BF4B-00C04F79EFBC}") = "Ares.Settings_Android", "Ares.Settings\Ares.Settings_Android.csproj", "{6EAFF9D6-0D29-4116-A42E-0D6A336C4C8D}"
EndProject
Project("{FAE04EC0-301F-11D3-BF4B-00C04F79EFBC}") = "Ares.ModelInfo_Android", "Ares.ModelChecks\Ares.ModelInfo_Android.csproj", "{4A4E965A-76C5-423F-82F3-7D900EFC91DF}"
EndProject
Project("{FAE04EC0-301F-11D3-BF4B-00C04F79EFBC}") = "Ares.Playing_Android", "Ares.Playing\Ares.Playing_Android.csproj", "{D25E4C1D-941E-4475-931B-F309A4F783CE}"
EndProject
Project("{FAE04EC0-301F-11D3-BF4B-00C04F79EFBC}") = "Ares.Players_Android", "Ares.Players\Ares.Players_Android.csproj", "{7774CDB7-CCF2-4EC7-A4D8-A8DEE6A9E610}"
EndProject
Project("{FAE04EC0-301F-11D3-BF4B-00C04F79EFBC}") = "Ares.Player_Android", "Ares.Player_Android\Ares.Player_Android.csproj", "{326CB2F7-26D1-4AE2-AABA-56352729D372}"
EndProject
Global
	GlobalSection(SolutionConfigurationPlatforms) = preSolution
		Android_Debug|Any CPU = Android_Debug|Any CPU
		Android_Release|Any CPU = Android_Release|Any CPU
	EndGlobalSection
	GlobalSection(ProjectConfigurationPlatforms) = postSolution
		{2400A424-6F42-4BE9-811A-566FF1802441}.Android_Debug|Any CPU.ActiveCfg = Android_Debug|Any CPU
		{2400A424-6F42-4BE9-811A-566FF1802441}.Android_Debug|Any CPU.Build.0 = Android_Debug|Any CPU
		{2400A424-6F42-4BE9-811A-566FF1802441}.Android_Release|Any CPU.ActiveCfg = Android_Release|Any CPU
		{2400A424-6F42-4BE9-811A-566FF1802441}.Android_Release|Any CPU.Build.0 = Android_Release|Any CPU
		{326CB2F7-26D1-4AE2-AABA-56352729D372}.Android_Debug|Any CPU.ActiveCfg = Android_Debug|Any CPU
		{326CB2F7-26D1-4AE2-AABA-56352729D372}.Android_Debug|Any CPU.Build.0 = Android_Debug|Any CPU
		{326CB2F7-26D1-4AE2-AABA-56352729D372}.Android_Release|Any CPU.ActiveCfg = Android_Release|Any CPU
		{326CB2F7-26D1-4AE2-AABA-56352729D372}.Android_Release|Any CPU.Build.0 = Android_Release|Any CPU
		{42A8F91D-6E6B-4740-AC3F-99A34074E695}.Android_Debug|Any CPU.ActiveCfg = Android_Debug|Any CPU
		{42A8F91D-6E6B-4740-AC3F-99A34074E695}.Android_Debug|Any CPU.Build.0 = Android_Debug|Any CPU
		{42A8F91D-6E6B-4740-AC3F-99A34074E695}.Android_Release|Any CPU.ActiveCfg = Android_Release|Any CPU
		{42A8F91D-6E6B-4740-AC3F-99A34074E695}.Android_Release|Any CPU.Build.0 = Android_Release|Any CPU
		{4A4E965A-76C5-423F-82F3-7D900EFC91DF}.Android_Debug|Any CPU.ActiveCfg = Android_Debug|Any CPU
		{4A4E965A-76C5-423F-82F3-7D900EFC91DF}.Android_Debug|Any CPU.Build.0 = Android_Debug|Any CPU
		{4A4E965A-76C5-423F-82F3-7D900EFC91DF}.Android_Release|Any CPU.ActiveCfg = Android_Release|Any CPU
		{4A4E965A-76C5-423F-82F3-7D900EFC91DF}.Android_Release|Any CPU.Build.0 = Android_Release|Any CPU
		{6EAFF9D6-0D29-4116-A42E-0D6A336C4C8D}.Android_Debug|Any CPU.ActiveCfg = Android_Debug|Any CPU
		{6EAFF9D6-0D29-4116-A42E-0D6A336C4C8D}.Android_Debug|Any CPU.Build.0 = Android_Debug|Any CPU
		{6EAFF9D6-0D29-4116-A42E-0D6A336C4C8D}.Android_Release|Any CPU.ActiveCfg = Android_Release|Any CPU
		{6EAFF9D6-0D29-4116-A42E-0D6A336C4C8D}.Android_Release|Any CPU.Build.0 = Android_Release|Any CPU
		{7774CDB7-CCF2-4EC7-A4D8-A8DEE6A9E610}.Android_Debug|Any CPU.ActiveCfg = Android_Debug|Any CPU
		{7774CDB7-CCF2-4EC7-A4D8-A8DEE6A9E610}.Android_Debug|Any CPU.Build.0 = Android_Debug|Any CPU
		{7774CDB7-CCF2-4EC7-A4D8-A8DEE6A9E610}.Android_Release|Any CPU.ActiveCfg = Android_Release|Any CPU
		{7774CDB7-CCF2-4EC7-A4D8-A8DEE6A9E610}.Android_Release|Any CPU.Build.0 = Android_Release|Any CPU
		{D25E4C1D-941E-4475-931B-F309A4F783CE}.Android_Debug|Any CPU.ActiveCfg = Android_Debug|Any CPU
		{D25E4C1D-941E-4475-931B-F309A4F783CE}.Android_Debug|Any CPU.Build.0 = Android_Debug|Any CPU
		{D25E4C1D-941E-4475-931B-F309A4F783CE}.Android_Release|Any CPU.ActiveCfg = Android_Release|Any CPU
		{D25E4C1D-941E-4475-931B-F309A4F783CE}.Android_Release|Any CPU.Build.0 = Android_Release|Any CPU
	EndGlobalSection
	GlobalSection(MonoDevelopProperties) = preSolution
		Policies = $0
		$0.DotNetNamingPolicy = $1
		$1.DirectoryNamespaceAssociation = None
		$1.ResourceNamePolicy = FileFormatDefault
		$0.StandardHeader = $2
		$2.Text = 
		$2.IncludeInNewFiles = True
		$0.NameConventionPolicy = $3
		$3.Rules = $4
		$4.NamingRule = $5
		$5.Name = Namespaces
		$5.AffectedEntity = Namespace
		$5.VisibilityMask = VisibilityMask
		$5.NamingStyle = PascalCase
		$5.IncludeInstanceMembers = True
		$5.IncludeStaticEntities = True
		$4.NamingRule = $6
		$6.Name = Types
		$6.AffectedEntity = Class, Struct, Enum, Delegate
		$6.VisibilityMask = Public
		$6.NamingStyle = PascalCase
		$6.IncludeInstanceMembers = True
		$6.IncludeStaticEntities = True
		$4.NamingRule = $7
		$7.Name = Interfaces
		$7.RequiredPrefixes = $8
		$8.String = I
		$7.AffectedEntity = Interface
		$7.VisibilityMask = Public
		$7.NamingStyle = PascalCase
		$7.IncludeInstanceMembers = True
		$7.IncludeStaticEntities = True
		$4.NamingRule = $9
		$9.Name = Attributes
		$9.RequiredSuffixes = $10
		$10.String = Attribute
		$9.AffectedEntity = CustomAttributes
		$9.VisibilityMask = Public
		$9.NamingStyle = PascalCase
		$9.IncludeInstanceMembers = True
		$9.IncludeStaticEntities = True
		$4.NamingRule = $11
		$11.Name = Event Arguments
		$11.RequiredSuffixes = $12
		$12.String = EventArgs
		$11.AffectedEntity = CustomEventArgs
		$11.VisibilityMask = Public
		$11.NamingStyle = PascalCase
		$11.IncludeInstanceMembers = True
		$11.IncludeStaticEntities = True
		$4.NamingRule = $13
		$13.Name = Exceptions
		$13.RequiredSuffixes = $14
		$14.String = Exception
		$13.AffectedEntity = CustomExceptions
		$13.VisibilityMask = VisibilityMask
		$13.NamingStyle = PascalCase
		$13.IncludeInstanceMembers = True
		$13.IncludeStaticEntities = True
		$4.NamingRule = $15
		$15.Name = Methods
		$15.AffectedEntity = Methods
		$15.VisibilityMask = Protected, Public
		$15.NamingStyle = PascalCase
		$15.IncludeInstanceMembers = True
		$15.IncludeStaticEntities = True
		$4.NamingRule = $16
		$16.Name = Static Readonly Fields
		$16.AffectedEntity = ReadonlyField
		$16.VisibilityMask = Protected, Public
		$16.NamingStyle = PascalCase
		$16.IncludeInstanceMembers = False
		$16.IncludeStaticEntities = True
		$4.NamingRule = $17
		$17.Name = Fields
		$17.AffectedEntity = Field
		$17.VisibilityMask = Protected, Public
		$17.NamingStyle = PascalCase
		$17.IncludeInstanceMembers = True
		$17.IncludeStaticEntities = True
		$4.NamingRule = $18
		$18.Name = ReadOnly Fields
		$18.AffectedEntity = ReadonlyField
		$18.VisibilityMask = Protected, Public
		$18.NamingStyle = PascalCase
		$18.IncludeInstanceMembers = True
		$18.IncludeStaticEntities = False
		$4.NamingRule = $19
		$19.Name = Constant Fields
		$19.AffectedEntity = ConstantField
		$19.VisibilityMask = Protected, Public
		$19.NamingStyle = PascalCase
		$19.IncludeInstanceMembers = True
		$19.IncludeStaticEntities = True
		$4.NamingRule = $20
		$20.Name = Properties
		$20.AffectedEntity = Property
		$20.VisibilityMask = Protected, Public
		$20.NamingStyle = PascalCase
		$20.IncludeInstanceMembers = True
		$20.IncludeStaticEntities = True
		$4.NamingRule = $21
		$21.Name = Events
		$21.AffectedEntity = Event
		$21.VisibilityMask = Protected, Public
		$21.NamingStyle = PascalCase
		$21.IncludeInstanceMembers = True
		$21.IncludeStaticEntities = True
		$4.NamingRule = $22
		$22.Name = Enum Members
		$22.AffectedEntity = EnumMember
		$22.VisibilityMask = VisibilityMask
		$22.NamingStyle = PascalCase
		$22.IncludeInstanceMembers = True
		$22.IncludeStaticEntities = True
		$4.NamingRule = $23
		$23.Name = Parameters
		$23.AffectedEntity = Parameter
		$23.VisibilityMask = VisibilityMask
		$23.NamingStyle = CamelCase
		$23.IncludeInstanceMembers = True
		$23.IncludeStaticEntities = True
		$4.NamingRule = $24
		$24.Name = Type Parameters
		$24.RequiredPrefixes = $25
		$25.String = T
		$24.AffectedEntity = TypeParameter
		$24.VisibilityMask = VisibilityMask
		$24.NamingStyle = PascalCase
		$24.IncludeInstanceMembers = True
		$24.IncludeStaticEntities = True
		outputpath = ..\bin\Android_Debug
	EndGlobalSection
EndGlobal
