
Microsoft Visual Studio Solution File, Format Version 11.00
# Visual C# Express 2010
Project("{FAE04EC0-301F-11D3-BF4B-00C04F79EFBC}") = "Ares.Data", "Ares.Data\Ares.Data.csproj", "{F64D6AF3-3543-47F0-A7B8-0336750B09C3}"
EndProject
Project("{FAE04EC0-301F-11D3-BF4B-00C04F79EFBC}") = "Ares.Playing", "Ares.Playing\Ares.Playing.csproj", "{6C55F933-0F49-489C-AFF4-E0E0A8581E42}"
EndProject
Project("{FAE04EC0-301F-11D3-BF4B-00C04F79EFBC}") = "PlayerTest", "PlayerTest\PlayerTest.csproj", "{C3699117-02EE-4A0E-8E04-AC57C47F9A89}"
EndProject
Project("{FAE04EC0-301F-11D3-BF4B-00C04F79EFBC}") = "Ares.Editor", "Ares.Editor\Ares.Editor.csproj", "{499C1067-ECA5-4986-A985-8EAFD744BF80}"
EndProject
Project("{FAE04EC0-301F-11D3-BF4B-00C04F79EFBC}") = "Ares.Editor.Controls", "Ares.Editor.Controls\Ares.Editor.Controls.csproj", "{E9189223-5024-4284-B02A-9F22C83DAE88}"
EndProject
Project("{FAE04EC0-301F-11D3-BF4B-00C04F79EFBC}") = "Ares.Editor.Actions", "Ares.Editor.Actions\Ares.Editor.Actions.csproj", "{7799985C-64E9-4414-ACA8-01184B704032}"
EndProject
Global
	GlobalSection(SolutionConfigurationPlatforms) = preSolution
		Debug|Any CPU = Debug|Any CPU
		Debug|Mixed Platforms = Debug|Mixed Platforms
		Debug|x86 = Debug|x86
		Release|Any CPU = Release|Any CPU
		Release|Mixed Platforms = Release|Mixed Platforms
		Release|x86 = Release|x86
	EndGlobalSection
	GlobalSection(ProjectConfigurationPlatforms) = postSolution
		{F64D6AF3-3543-47F0-A7B8-0336750B09C3}.Debug|Any CPU.ActiveCfg = Debug|Any CPU
		{F64D6AF3-3543-47F0-A7B8-0336750B09C3}.Debug|Any CPU.Build.0 = Debug|Any CPU
		{F64D6AF3-3543-47F0-A7B8-0336750B09C3}.Debug|Mixed Platforms.ActiveCfg = Debug|Any CPU
		{F64D6AF3-3543-47F0-A7B8-0336750B09C3}.Debug|Mixed Platforms.Build.0 = Debug|Any CPU
		{F64D6AF3-3543-47F0-A7B8-0336750B09C3}.Debug|x86.ActiveCfg = Debug|Any CPU
		{F64D6AF3-3543-47F0-A7B8-0336750B09C3}.Debug|x86.Build.0 = Debug|Any CPU
		{F64D6AF3-3543-47F0-A7B8-0336750B09C3}.Release|Any CPU.ActiveCfg = Release|Any CPU
		{F64D6AF3-3543-47F0-A7B8-0336750B09C3}.Release|Any CPU.Build.0 = Release|Any CPU
		{F64D6AF3-3543-47F0-A7B8-0336750B09C3}.Release|Mixed Platforms.ActiveCfg = Release|Any CPU
		{F64D6AF3-3543-47F0-A7B8-0336750B09C3}.Release|Mixed Platforms.Build.0 = Release|Any CPU
		{F64D6AF3-3543-47F0-A7B8-0336750B09C3}.Release|x86.ActiveCfg = Release|Any CPU
		{6C55F933-0F49-489C-AFF4-E0E0A8581E42}.Debug|Any CPU.ActiveCfg = Debug|Any CPU
		{6C55F933-0F49-489C-AFF4-E0E0A8581E42}.Debug|Any CPU.Build.0 = Debug|Any CPU
		{6C55F933-0F49-489C-AFF4-E0E0A8581E42}.Debug|Mixed Platforms.ActiveCfg = Debug|Any CPU
		{6C55F933-0F49-489C-AFF4-E0E0A8581E42}.Debug|Mixed Platforms.Build.0 = Debug|Any CPU
		{6C55F933-0F49-489C-AFF4-E0E0A8581E42}.Debug|x86.ActiveCfg = Debug|Any CPU
		{6C55F933-0F49-489C-AFF4-E0E0A8581E42}.Debug|x86.Build.0 = Debug|Any CPU
		{6C55F933-0F49-489C-AFF4-E0E0A8581E42}.Release|Any CPU.ActiveCfg = Release|Any CPU
		{6C55F933-0F49-489C-AFF4-E0E0A8581E42}.Release|Any CPU.Build.0 = Release|Any CPU
		{6C55F933-0F49-489C-AFF4-E0E0A8581E42}.Release|Mixed Platforms.ActiveCfg = Release|Any CPU
		{6C55F933-0F49-489C-AFF4-E0E0A8581E42}.Release|Mixed Platforms.Build.0 = Release|Any CPU
		{6C55F933-0F49-489C-AFF4-E0E0A8581E42}.Release|x86.ActiveCfg = Release|Any CPU
		{C3699117-02EE-4A0E-8E04-AC57C47F9A89}.Debug|Any CPU.ActiveCfg = Debug|x86
		{C3699117-02EE-4A0E-8E04-AC57C47F9A89}.Debug|Mixed Platforms.ActiveCfg = Debug|x86
		{C3699117-02EE-4A0E-8E04-AC57C47F9A89}.Debug|Mixed Platforms.Build.0 = Debug|x86
		{C3699117-02EE-4A0E-8E04-AC57C47F9A89}.Debug|x86.ActiveCfg = Debug|x86
		{C3699117-02EE-4A0E-8E04-AC57C47F9A89}.Debug|x86.Build.0 = Debug|x86
		{C3699117-02EE-4A0E-8E04-AC57C47F9A89}.Release|Any CPU.ActiveCfg = Release|x86
		{C3699117-02EE-4A0E-8E04-AC57C47F9A89}.Release|Mixed Platforms.ActiveCfg = Release|x86
		{C3699117-02EE-4A0E-8E04-AC57C47F9A89}.Release|Mixed Platforms.Build.0 = Release|x86
		{C3699117-02EE-4A0E-8E04-AC57C47F9A89}.Release|x86.ActiveCfg = Release|x86
		{C3699117-02EE-4A0E-8E04-AC57C47F9A89}.Release|x86.Build.0 = Release|x86
		{499C1067-ECA5-4986-A985-8EAFD744BF80}.Debug|Any CPU.ActiveCfg = Debug|x86
		{499C1067-ECA5-4986-A985-8EAFD744BF80}.Debug|Mixed Platforms.ActiveCfg = Debug|x86
		{499C1067-ECA5-4986-A985-8EAFD744BF80}.Debug|Mixed Platforms.Build.0 = Debug|x86
		{499C1067-ECA5-4986-A985-8EAFD744BF80}.Debug|x86.ActiveCfg = Debug|x86
		{499C1067-ECA5-4986-A985-8EAFD744BF80}.Debug|x86.Build.0 = Debug|x86
		{499C1067-ECA5-4986-A985-8EAFD744BF80}.Release|Any CPU.ActiveCfg = Release|x86
		{499C1067-ECA5-4986-A985-8EAFD744BF80}.Release|Mixed Platforms.ActiveCfg = Release|x86
		{499C1067-ECA5-4986-A985-8EAFD744BF80}.Release|Mixed Platforms.Build.0 = Release|x86
		{499C1067-ECA5-4986-A985-8EAFD744BF80}.Release|x86.ActiveCfg = Release|x86
		{499C1067-ECA5-4986-A985-8EAFD744BF80}.Release|x86.Build.0 = Release|x86
		{E9189223-5024-4284-B02A-9F22C83DAE88}.Debug|Any CPU.ActiveCfg = Debug|Any CPU
		{E9189223-5024-4284-B02A-9F22C83DAE88}.Debug|Any CPU.Build.0 = Debug|Any CPU
		{E9189223-5024-4284-B02A-9F22C83DAE88}.Debug|Mixed Platforms.ActiveCfg = Debug|Any CPU
		{E9189223-5024-4284-B02A-9F22C83DAE88}.Debug|Mixed Platforms.Build.0 = Debug|Any CPU
		{E9189223-5024-4284-B02A-9F22C83DAE88}.Debug|x86.ActiveCfg = Debug|Any CPU
		{E9189223-5024-4284-B02A-9F22C83DAE88}.Debug|x86.Build.0 = Debug|Any CPU
		{E9189223-5024-4284-B02A-9F22C83DAE88}.Release|Any CPU.ActiveCfg = Release|Any CPU
		{E9189223-5024-4284-B02A-9F22C83DAE88}.Release|Any CPU.Build.0 = Release|Any CPU
		{E9189223-5024-4284-B02A-9F22C83DAE88}.Release|Mixed Platforms.ActiveCfg = Release|Any CPU
		{E9189223-5024-4284-B02A-9F22C83DAE88}.Release|Mixed Platforms.Build.0 = Release|Any CPU
		{E9189223-5024-4284-B02A-9F22C83DAE88}.Release|x86.ActiveCfg = Release|Any CPU
		{7799985C-64E9-4414-ACA8-01184B704032}.Debug|Any CPU.ActiveCfg = Debug|Any CPU
		{7799985C-64E9-4414-ACA8-01184B704032}.Debug|Any CPU.Build.0 = Debug|Any CPU
		{7799985C-64E9-4414-ACA8-01184B704032}.Debug|Mixed Platforms.ActiveCfg = Debug|Any CPU
		{7799985C-64E9-4414-ACA8-01184B704032}.Debug|Mixed Platforms.Build.0 = Debug|Any CPU
		{7799985C-64E9-4414-ACA8-01184B704032}.Debug|x86.ActiveCfg = Debug|Any CPU
		{7799985C-64E9-4414-ACA8-01184B704032}.Debug|x86.Build.0 = Debug|Any CPU
		{7799985C-64E9-4414-ACA8-01184B704032}.Release|Any CPU.ActiveCfg = Release|Any CPU
		{7799985C-64E9-4414-ACA8-01184B704032}.Release|Any CPU.Build.0 = Release|Any CPU
		{7799985C-64E9-4414-ACA8-01184B704032}.Release|Mixed Platforms.ActiveCfg = Release|Any CPU
		{7799985C-64E9-4414-ACA8-01184B704032}.Release|Mixed Platforms.Build.0 = Release|Any CPU
		{7799985C-64E9-4414-ACA8-01184B704032}.Release|x86.ActiveCfg = Release|Any CPU
	EndGlobalSection
	GlobalSection(SolutionProperties) = preSolution
		HideSolutionNode = FALSE
	EndGlobalSection
EndGlobal
